
Microsoft Visual Studio Solution File, Format Version 12.00
# Visual Studio Version 17
VisualStudioVersion = 17.12.35527.113 d17.12
MinimumVisualStudioVersion = 10.0.40219.1
Project("{FAE04EC0-301F-11D3-BF4B-00C04F79EFBC}") = "ga-rechner", "ga-rechner\ga-rechner.csproj", "{89553D3B-6057-4636-9D18-DFCEE7D92E1E}"
EndProject
Global
	GlobalSection(SolutionConfigurationPlatforms) = preSolution
		Debug|Any CPU = Debug|Any CPU
		Release|Any CPU = Release|Any CPU
	EndGlobalSection
	GlobalSection(ProjectConfigurationPlatforms) = postSolution
		{89553D3B-6057-4636-9D18-DFCEE7D92E1E}.Debug|Any CPU.ActiveCfg = Debug|Any CPU
		{89553D3B-6057-4636-9D18-DFCEE7D92E1E}.Debug|Any CPU.Build.0 = Debug|Any CPU
		{89553D3B-6057-4636-9D18-DFCEE7D92E1E}.Release|Any CPU.ActiveCfg = Release|Any CPU
		{89553D3B-6057-4636-9D18-DFCEE7D92E1E}.Release|Any CPU.Build.0 = Release|Any CPU
	EndGlobalSection
	GlobalSection(SolutionProperties) = preSolution
		HideSolutionNode = FALSE
	EndGlobalSection
EndGlobal
